github.com/fuyao-w/common-util v0.0.0-20230325061500-2195cc554530 h1:xW/fNP/gyfKUshlorjhEF7ccgHwQGwb1q36mG9iZqK4=
github.com/fuyao-w/common-util v0.0.0-20230325061500-2195cc554530/go.mod h1:kV74J/K4zGi+Utc156GHNI2T6oJJKIi+aSVc0CFkFb8=
github.com/fuyao-w/deepcopy v0.0.0-20230226031232-dce0fa113143 h1:SjXWWFozMFIFlsS4gBWNHcF+eHGkmL7fEPYlfuoIfhI=
github.com/fuyao-w/deepcopy v0.0.0-20230226031232-dce0fa113143/go.mod h1:OdRNKVnENS3NipHqRvtzlfRbOOHpSeFkNynmGyRd9Rc=
github.com/fuyao-w/go-raft v0.0.0-20230404111541-aa2ec98a8ee5 h1:CLix0RAIWPP3nhN7CId45KM5BhJaQhXKGufYm6NDSNQ=
github.com/fuyao-w/go-raft v0.0.0-20230404111541-aa2ec98a8ee5/go.mod h1:MdXc1YQyYnv7XwjCV7q5ywQH39/O5QcAjtIaFB0oZdE=
github.com/gookit/color v1.5.2 h1:uLnfXcaFjlrDnQDT+NCBcfhrXqYTx/rcCa6xn01Y8yI=
github.com/gookit/goutil v0.6.5 h1:A8S6ZFcXCvQzYreuADyRjn4lIs7X1GQ7y/kU/UD7Q68=
github.com/gopherjs/gopherjs v0.0.0-20181017120253-0766667cb4d1 h1:EGx4pi6eqNxGaHF6qqu48+N2wcFQ5qg5FXgOdqsJ5d8=
github.com/jtolds/gls v4.20.0+incompatible h1:xdiiI2gbIgH/gLH7ADydsJ1uDOEzR8yvV7C0MuV77Wo=
github.com/petermattis/goid v0.0.0-20180202154549-b0b1615b78e5 h1:q2e307iGHPdTGp0hoxKjt1H5pDo6utceo3dQVK3I5XQ=
github.com/petermattis/goid v0.0.0-20180202154549-b0b1615b78e5/go.mod h1:jvVRKCrJTQWu0XVbaOlby/2lO20uSCHEMzzplHXte1o=
github.com/sasha-s/go-deadlock v0.3.1 h1:sqv7fDNShgjcaxkO0JNcOAlr8B9+cV5Ey/OB71efZx0=
github.com/sasha-s/go-deadlock v0.3.1/go.mod h1:F73l+cr82YSh10GxyRI6qZiCgK64VaZjwesgfQ1/iLM=
github.com/smartystreets/assertions v1.2.0 h1:42S6lae5dvLc7BrLu/0ugRtcFVjoJNMC/N3yZFZkDFs=
github.com/smartystreets/goconvey v1.7.2 h1:9RBaZCeXEQ3UselpuwUQHltGVXvdwm6cv1hgR6gDIPg=
github.com/spf13/cast v1.5.0 h1:rj3WzYc11XZaIZMPKmwP96zkFEnnAmV8s6XbB2aY32w=
github.com/xo/terminfo v0.0.0-20210125001918-ca9a967f8778 h1:QldyIu/L63oPpyvQmHgvgickp1Yw510KJOqX7H24mg8=
golang.org/x/sync v0.1.0 h1:wsuoTGHzEhffawBOhz5CYhcrV4IdKZbEyZjBMuTp12o=
golang.org/x/sync v0.1.0/go.mod h1:RxMgew5VJxzue5/jJTE5uejpjVlOe/izrB70Jof72aM=
golang.org/x/sys v0.0.0-20220829200755-d48e67d00261 h1:v6hYoSR9T5oet+pMXwUWkbiVqx/63mlHjefrHmxwfeY=
golang.org/x/text v0.7.0 h1:4BRB4x83lYWy72KwLD/qYDuTu7q9PjSagHvijDw7cLo=
